
Microsoft Visual Studio Solution File, Format Version 12.00
# Visual Studio 15
VisualStudioVersion = 15.0.27428.2037
MinimumVisualStudioVersion = 10.0.40219.1
Project("{FAE04EC0-301F-11D3-BF4B-00C04F79EFBC}") = "Patten_Memento", "Patten_Memento\Patten_Memento.csproj", "{B1668D09-ECD9-4C5B-917C-5BB5D40DD944}"
EndProject
Global
	GlobalSection(SolutionConfigurationPlatforms) = preSolution
		Debug|Any CPU = Debug|Any CPU
		Release|Any CPU = Release|Any CPU
	EndGlobalSection
	GlobalSection(ProjectConfigurationPlatforms) = postSolution
		{B1668D09-ECD9-4C5B-917C-5BB5D40DD944}.Debug|Any CPU.ActiveCfg = Debug|Any CPU
		{B1668D09-ECD9-4C5B-917C-5BB5D40DD944}.Debug|Any CPU.Build.0 = Debug|Any CPU
		{B1668D09-ECD9-4C5B-917C-5BB5D40DD944}.Release|Any CPU.ActiveCfg = Release|Any CPU
		{B1668D09-ECD9-4C5B-917C-5BB5D40DD944}.Release|Any CPU.Build.0 = Release|Any CPU
	EndGlobalSection
	GlobalSection(SolutionProperties) = preSolution
		HideSolutionNode = FALSE
	EndGlobalSection
	GlobalSection(ExtensibilityGlobals) = postSolution
		SolutionGuid = {D4C2CE7B-219A-4CB0-B4B9-73EDFD90BD53}
	EndGlobalSection
EndGlobal
